
Microsoft Visual Studio Solution File, Format Version 12.00
# Visual Studio Version 16
VisualStudioVersion = 16.0.29326.143
MinimumVisualStudioVersion = 10.0.40219.1
Project("{9A19103F-16F7-4668-BE54-9A1E7A4F7556}") = "Piously.Game", "Piously.Game\Piously.Game.csproj", "{DAEE9DBE-ACBF-47FB-8B15-8562FDED48FC}"
EndProject
Project("{9A19103F-16F7-4668-BE54-9A1E7A4F7556}") = "Piously.Desktop", "Piously.Desktop\Piously.Desktop.csproj", "{071161A6-F5B3-49E1-BBAE-3CE831F08853}"
EndProject
Project("{9A19103F-16F7-4668-BE54-9A1E7A4F7556}") = "Piously.MenuTests", "Piously.MenuTests\Piously.MenuTests.csproj", "{BB4E9413-3CBF-4723-8F2C-20591E8A3AB7}"
EndProject
Global
	GlobalSection(SolutionConfigurationPlatforms) = preSolution
		Debug|Any CPU = Debug|Any CPU
		Release|Any CPU = Release|Any CPU
	EndGlobalSection
	GlobalSection(ProjectConfigurationPlatforms) = postSolution
		{DAEE9DBE-ACBF-47FB-8B15-8562FDED48FC}.Debug|Any CPU.ActiveCfg = Debug|Any CPU
		{DAEE9DBE-ACBF-47FB-8B15-8562FDED48FC}.Debug|Any CPU.Build.0 = Debug|Any CPU
		{DAEE9DBE-ACBF-47FB-8B15-8562FDED48FC}.Release|Any CPU.ActiveCfg = Release|Any CPU
		{DAEE9DBE-ACBF-47FB-8B15-8562FDED48FC}.Release|Any CPU.Build.0 = Release|Any CPU
		{071161A6-F5B3-49E1-BBAE-3CE831F08853}.Debug|Any CPU.ActiveCfg = Debug|Any CPU
		{071161A6-F5B3-49E1-BBAE-3CE831F08853}.Debug|Any CPU.Build.0 = Debug|Any CPU
		{071161A6-F5B3-49E1-BBAE-3CE831F08853}.Release|Any CPU.ActiveCfg = Release|Any CPU
		{071161A6-F5B3-49E1-BBAE-3CE831F08853}.Release|Any CPU.Build.0 = Release|Any CPU
		{BB4E9413-3CBF-4723-8F2C-20591E8A3AB7}.Debug|Any CPU.ActiveCfg = Debug|Any CPU
		{BB4E9413-3CBF-4723-8F2C-20591E8A3AB7}.Debug|Any CPU.Build.0 = Debug|Any CPU
		{BB4E9413-3CBF-4723-8F2C-20591E8A3AB7}.Release|Any CPU.ActiveCfg = Release|Any CPU
		{BB4E9413-3CBF-4723-8F2C-20591E8A3AB7}.Release|Any CPU.Build.0 = Release|Any CPU
	EndGlobalSection
	GlobalSection(SolutionProperties) = preSolution
		HideSolutionNode = FALSE
	EndGlobalSection
	GlobalSection(ExtensibilityGlobals) = postSolution
		SolutionGuid = {FD2EC679-E939-4D13-9EBD-32CCDAF18C53}
	EndGlobalSection
	GlobalSection(MonoDevelopProperties) = preSolution
		Policies = $0
		$0.DotNetNamingPolicy = $1
		$1.DirectoryNamespaceAssociation = PrefixedHierarchical
		$1.ResourceNamePolicy = MSBuild
		$0.TextStylePolicy = $4
	EndGlobalSection
EndGlobal
